// !$*UTF8*$!
{
	archiveVersion = 1;
	classes = {
	};
	objectVersion = 50;
	objects = {

/* Begin PBXBuildFile section */
		02135DA723DA1C6E00F573D7 /* AppDelegate.swift in Sources */ = {isa = PBXBuildFile; fileRef = 02135DA623DA1C6E00F573D7 /* AppDelegate.swift */; };
		02135DA923DA1C6E00F573D7 /* SceneDelegate.swift in Sources */ = {isa = PBXBuildFile; fileRef = 02135DA823DA1C6E00F573D7 /* SceneDelegate.swift */; };
		02135DAB23DA1C6E00F573D7 /* ViewController.swift in Sources */ = {isa = PBXBuildFile; fileRef = 02135DAA23DA1C6E00F573D7 /* ViewController.swift */; };
		02135DAE23DA1C6E00F573D7 /* Main.storyboard in Resources */ = {isa = PBXBuildFile; fileRef = 02135DAC23DA1C6E00F573D7 /* Main.storyboard */; };
		02135DB023DA1C6F00F573D7 /* Assets.xcassets in Resources */ = {isa = PBXBuildFile; fileRef = 02135DAF23DA1C6F00F573D7 /* Assets.xcassets */; };
		02135DB323DA1C6F00F573D7 /* LaunchScreen.storyboard in Resources */ = {isa = PBXBuildFile; fileRef = 02135DB123DA1C6F00F573D7 /* LaunchScreen.storyboard */; };
		02135DBE23DA1EED00F573D7 /* Alamofire.framework in Frameworks */ = {isa = PBXBuildFile; fileRef = 02135DBB23DA1EED00F573D7 /* Alamofire.framework */; };
		02135DC023DA1EED00F573D7 /* AlamofireObjectMapper.framework in Frameworks */ = {isa = PBXBuildFile; fileRef = 02135DBC23DA1EED00F573D7 /* AlamofireObjectMapper.framework */; };
		02135DC223DA1EED00F573D7 /* ObjectMapper.framework in Frameworks */ = {isa = PBXBuildFile; fileRef = 02135DBD23DA1EED00F573D7 /* ObjectMapper.framework */; };
/* End PBXBuildFile section */

/* Begin PBXFileReference section */
		02135DA323DA1C6E00F573D7 /* ISPARK.app */ = {isa = PBXFileReference; explicitFileType = wrapper.application; includeInIndex = 0; path = ISPARK.app; sourceTree = BUILT_PRODUCTS_DIR; };
		02135DA623DA1C6E00F573D7 /* AppDelegate.swift */ = {isa = PBXFileReference; lastKnownFileType = sourcecode.swift; path = AppDelegate.swift; sourceTree = "<group>"; };
		02135DA823DA1C6E00F573D7 /* SceneDelegate.swift */ = {isa = PBXFileReference; lastKnownFileType = sourcecode.swift; path = SceneDelegate.swift; sourceTree = "<group>"; };
		02135DAA23DA1C6E00F573D7 /* ViewController.swift */ = {isa = PBXFileReference; lastKnownFileType = sourcecode.swift; path = ViewController.swift; sourceTree = "<group>"; };
		02135DAD23DA1C6E00F573D7 /* Base */ = {isa = PBXFileReference; lastKnownFileType = file.storyboard; name = Base; path = Base.lproj/Main.storyboard; sourceTree = "<group>"; };
		02135DAF23DA1C6F00F573D7 /* Assets.xcassets */ = {isa = PBXFileReference; lastKnownFileType = folder.assetcatalog; path = Assets.xcassets; sourceTree = "<group>"; };
		02135DB223DA1C6F00F573D7 /* Base */ = {isa = PBXFileReference; lastKnownFileType = file.storyboard; name = Base; path = Base.lproj/LaunchScreen.storyboard; sourceTree = "<group>"; };
		02135DB423DA1C6F00F573D7 /* Info.plist */ = {isa = PBXFileReference; lastKnownFileType = text.plist.xml; path = Info.plist; sourceTree = "<group>"; };
		02135DBB23DA1EED00F573D7 /* Alamofire.framework */ = {isa = PBXFileReference; lastKnownFileType = wrapper.framework; name = Alamofire.framework; path = Carthage/Build/iOS/Alamofire.framework; sourceTree = "<group>"; };
		02135DBC23DA1EED00F573D7 /* AlamofireObjectMapper.framework */ = {isa = PBXFileReference; lastKnownFileType = wrapper.framework; name = AlamofireObjectMapper.framework; path = Carthage/Build/iOS/AlamofireObjectMapper.framework; sourceTree = "<group>"; };
		02135DBD23DA1EED00F573D7 /* ObjectMapper.framework */ = {isa = PBXFileReference; lastKnownFileType = wrapper.framework; name = ObjectMapper.framework; path = Carthage/Build/iOS/ObjectMapper.framework; sourceTree = "<group>"; };
/* End PBXFileReference section */

/* Begin PBXFrameworksBuildPhase section */
		02135DA023DA1C6E00F573D7 /* Frameworks */ = {
			isa = PBXFrameworksBuildPhase;
			buildActionMask = 2147483647;
			files = (
				02135DC223DA1EED00F573D7 /* ObjectMapper.framework in Frameworks */,
				02135DBE23DA1EED00F573D7 /* Alamofire.framework in Frameworks */,
				02135DC023DA1EED00F573D7 /* AlamofireObjectMapper.framework in Frameworks */,
			);
			runOnlyForDeploymentPostprocessing = 0;
		};
/* End PBXFrameworksBuildPhase section */

/* Begin PBXGroup section */
		02135D9A23DA1C6E00F573D7 = {
			isa = PBXGroup;
			children = (
				02135DA523DA1C6E00F573D7 /* ISPARK */,
				02135DA423DA1C6E00F573D7 /* Products */,
				02135DBA23DA1EED00F573D7 /* Frameworks */,
			);
			sourceTree = "<group>";
		};
		02135DA423DA1C6E00F573D7 /* Products */ = {
			isa = PBXGroup;
			children = (
				02135DA323DA1C6E00F573D7 /* ISPARK.app */,
			);
			name = Products;
			sourceTree = "<group>";
		};
		02135DA523DA1C6E00F573D7 /* ISPARK */ = {
			isa = PBXGroup;
			children = (
				02135DA623DA1C6E00F573D7 /* AppDelegate.swift */,
				02135DA823DA1C6E00F573D7 /* SceneDelegate.swift */,
				02135DAA23DA1C6E00F573D7 /* ViewController.swift */,
				02135DAC23DA1C6E00F573D7 /* Main.storyboard */,
				02135DAF23DA1C6F00F573D7 /* Assets.xcassets */,
				02135DB123DA1C6F00F573D7 /* LaunchScreen.storyboard */,
				02135DB423DA1C6F00F573D7 /* Info.plist */,
			);
			path = ISPARK;
			sourceTree = "<group>";
		};
		02135DBA23DA1EED00F573D7 /* Frameworks */ = {
			isa = PBXGroup;
			children = (
				02135DBB23DA1EED00F573D7 /* Alamofire.framework */,
				02135DBC23DA1EED00F573D7 /* AlamofireObjectMapper.framework */,
				02135DBD23DA1EED00F573D7 /* ObjectMapper.framework */,
			);
			name = Frameworks;
			sourceTree = "<group>";
		};
/* End PBXGroup section */

/* Begin PBXNativeTarget section */
		02135DA223DA1C6E00F573D7 /* ISPARK */ = {
			isa = PBXNativeTarget;
			buildConfigurationList = 02135DB723DA1C6F00F573D7 /* Build configuration list for PBXNativeTarget "ISPARK" */;
			buildPhases = (
				02135D9F23DA1C6E00F573D7 /* Sources */,
				02135DA023DA1C6E00F573D7 /* Frameworks */,
				02135DA123DA1C6E00F573D7 /* Resources */,
				02135DC523DA1F0200F573D7 /* Carthage Copy Frameworks */,
			);
			buildRules = (
			);
			dependencies = (
			);
			name = ISPARK;
			productName = ISPARK;
			productReference = 02135DA323DA1C6E00F573D7 /* ISPARK.app */;
			productType = "com.apple.product-type.application";
		};
/* End PBXNativeTarget section */

/* Begin PBXProject section */
		02135D9B23DA1C6E00F573D7 /* Project object */ = {
			isa = PBXProject;
			attributes = {
				LastSwiftUpdateCheck = 1120;
				LastUpgradeCheck = 1120;
				ORGANIZATIONNAME = "Koray Yildiz";
				TargetAttributes = {
					02135DA223DA1C6E00F573D7 = {
						CreatedOnToolsVersion = 11.2.1;
					};
				};
			};
			buildConfigurationList = 02135D9E23DA1C6E00F573D7 /* Build configuration list for PBXProject "ISPARK" */;
			compatibilityVersion = "Xcode 9.3";
			developmentRegion = en;
			hasScannedForEncodings = 0;
			knownRegions = (
				en,
				Base,
			);
			mainGroup = 02135D9A23DA1C6E00F573D7;
			productRefGroup = 02135DA423DA1C6E00F573D7 /* Products */;
			projectDirPath = "";
			projectRoot = "";
			targets = (
				02135DA223DA1C6E00F573D7 /* ISPARK */,
			);
		};
/* End PBXProject section */

/* Begin PBXResourcesBuildPhase section */
		02135DA123DA1C6E00F573D7 /* Resources */ = {
			isa = PBXResourcesBuildPhase;
			buildActionMask = 2147483647;
			files = (
				02135DB323DA1C6F00F573D7 /* LaunchScreen.storyboard in Resources */,
				02135DB023DA1C6F00F573D7 /* Assets.xcassets in Resources */,
				02135DAE23DA1C6E00F573D7 /* Main.storyboard in Resources */,
			);
			runOnlyForDeploymentPostprocessing = 0;
		};
/* End PBXResourcesBuildPhase section */

/* Begin PBXShellScriptBuildPhase section */
		02135DC523DA1F0200F573D7 /* Carthage Copy Frameworks */ = {
			isa = PBXShellScriptBuildPhase;
			buildActionMask = 2147483647;
			files = (
			);
			inputFileListPaths = (
			);
			inputPaths = (
				"$(SRCROOT)/Carthage/Build/iOS/Alamofire.framework",
				"$(SRCROOT)/Carthage/Build/iOS/ObjectMapper.framework",
				"$(SRCROOT)/Carthage/Build/iOS/AlamofireObjectMapper.framework",
			);
			name = "Carthage Copy Frameworks";
			outputFileListPaths = (
			);
			outputPaths = (
				"$(BUILT_PRODUCTS_DIR)/$(FRAMEWORKS_FOLDER_PATH)/Alamofire.framework",
				"$(BUILT_PRODUCTS_DIR)/$(FRAMEWORKS_FOLDER_PATH)/ObjectMapper.framework",
				"$(BUILT_PRODUCTS_DIR)/$(FRAMEWORKS_FOLDER_PATH)/AlamofireObjectMapper.framework",
			);
			runOnlyForDeploymentPostprocessing = 0;
			shellPath = /bin/sh;
			shellScript = "/usr/local/bin/carthage copy-frameworks\n";
		};
/* End PBXShellScriptBuildPhase section */

/* Begin PBXSourcesBuildPhase section */
		02135D9F23DA1C6E00F573D7 /* Sources */ = {
			isa = PBXSourcesBuildPhase;
			buildActionMask = 2147483647;
			files = (
				02135DAB23DA1C6E00F573D7 /* ViewController.swift in Sources */,
				02135DA723DA1C6E00F573D7 /* AppDelegate.swift in Sources */,
				02135DA923DA1C6E00F573D7 /* SceneDelegate.swift in Sources */,
			);
			runOnlyForDeploymentPostprocessing = 0;
		};
/* End PBXSourcesBuildPhase section */

/* Begin PBXVariantGroup section */
		02135DAC23DA1C6E00F573D7 /* Main.storyboard */ = {
			isa = PBXVariantGroup;
			children = (
				02135DAD23DA1C6E00F573D7 /* Base */,
			);
			name = Main.storyboard;
			sourceTree = "<group>";
		};
		02135DB123DA1C6F00F573D7 /* LaunchScreen.storyboard */ = {
			isa = PBXVariantGroup;
			children = (
				02135DB223DA1C6F00F573D7 /* Base */,
			);
			name = LaunchScreen.storyboard;
			sourceTree = "<group>";
		};
/* End PBXVariantGroup section */

/* Begin XCBuildConfiguration section */
		02135DB523DA1C6F00F573D7 /* Debug */ = {
			isa = XCBuildConfiguration;
			buildSettings = {
				ALWAYS_SEARCH_USER_PATHS = NO;
				CLANG_ANALYZER_NONNULL = YES;
				CLANG_ANALYZER_NUMBER_OBJECT_CONVERSION = YES_AGGRESSIVE;
				CLANG_CXX_LANGUAGE_STANDARD = "gnu++14";
				CLANG_CXX_LIBRARY = "libc++";
				CLANG_ENABLE_MODULES = YES;
				CLANG_ENABLE_OBJC_ARC = YES;
				CLANG_ENABLE_OBJC_WEAK = YES;
				CLANG_WARN_BLOCK_CAPTURE_AUTORELEASING = YES;
				CLANG_WARN_BOOL_CONVERSION = YES;
				CLANG_WARN_COMMA = YES;
				CLANG_WARN_CONSTANT_CONVERSION = YES;
				CLANG_WARN_DEPRECATED_OBJC_IMPLEMENTATIONS = YES;
				CLANG_WARN_DIRECT_OBJC_ISA_USAGE = YES_ERROR;
				CLANG_WARN_DOCUMENTATION_COMMENTS = YES;
				CLANG_WARN_EMPTY_BODY = YES;
				CLANG_WARN_ENUM_CONVERSION = YES;
				CLANG_WARN_INFINITE_RECURSION = YES;
				CLANG_WARN_INT_CONVERSION = YES;
				CLANG_WARN_NON_LITERAL_NULL_CONVERSION = YES;
				CLANG_WARN_OBJC_IMPLICIT_RETAIN_SELF = YES;
				CLANG_WARN_OBJC_LITERAL_CONVERSION = YES;
				CLANG_WARN_OBJC_ROOT_CLASS = YES_ERROR;
				CLANG_WARN_RANGE_LOOP_ANALYSIS = YES;
				CLANG_WARN_STRICT_PROTOTYPES = YES;
				CLANG_WARN_SUSPICIOUS_MOVE = YES;
				CLANG_WARN_UNGUARDED_AVAILABILITY = YES_AGGRESSIVE;
				CLANG_WARN_UNREACHABLE_CODE = YES;
				CLANG_WARN__DUPLICATE_METHOD_MATCH = YES;
				COPY_PHASE_STRIP = NO;
				DEBUG_INFORMATION_FORMAT = dwarf;
				ENABLE_STRICT_OBJC_MSGSEND = YES;
				ENABLE_TESTABILITY = YES;
				GCC_C_LANGUAGE_STANDARD = gnu11;
				GCC_DYNAMIC_NO_PIC = NO;
				GCC_NO_COMMON_BLOCKS = YES;
				GCC_OPTIMIZATION_LEVEL = 0;
				GCC_PREPROCESSOR_DEFINITIONS = (
					"DEBUG=1",
					"$(inherited)",
				);
				GCC_WARN_64_TO_32_BIT_CONVERSION = YES;
				GCC_WARN_ABOUT_RETURN_TYPE = YES_ERROR;
				GCC_WARN_UNDECLARED_SELECTOR = YES;
				GCC_WARN_UNINITIALIZED_AUTOS = YES_AGGRESSIVE;
				GCC_WARN_UNUSED_FUNCTION = YES;
				GCC_WARN_UNUSED_VARIABLE = YES;
				IPHONEOS_DEPLOYMENT_TARGET = 11.0;
				MTL_ENABLE_DEBUG_INFO = INCLUDE_SOURCE;
				MTL_FAST_MATH = YES;
				ONLY_ACTIVE_ARCH = YES;
				SDKROOT = iphoneos;
				SWIFT_ACTIVE_COMPILATION_CONDITIONS = DEBUG;
				SWIFT_OPTIMIZATION_LEVEL = "-Onone";
			};
			name = Debug;
		};
		02135DB623DA1C6F00F573D7 /* Release */ = {
			isa = XCBuildConfiguration;
			buildSettings = {
				ALWAYS_SEARCH_USER_PATHS = NO;
				CLANG_ANALYZER_NONNULL = YES;
				CLANG_ANALYZER_NUMBER_OBJECT_CONVERSION = YES_AGGRESSIVE;
				CLANG_CXX_LANGUAGE_STANDARD = "gnu++14";
				CLANG_CXX_LIBRARY = "libc++";
				CLANG_ENABLE_MODULES = YES;
				CLANG_ENABLE_OBJC_ARC = YES;
				CLANG_ENABLE_OBJC_WEAK = YES;
				CLANG_WARN_BLOCK_CAPTURE_AUTORELEASING = YES;
				CLANG_WARN_BOOL_CONVERSION = YES;
				CLANG_WARN_COMMA = YES;
				CLANG_WARN_CONSTANT_CONVERSION = YES;
				CLANG_WARN_DEPRECATED_OBJC_IMPLEMENTATIONS = YES;
				CLANG_WARN_DIRECT_OBJC_ISA_USAGE = YES_ERROR;
				CLANG_WARN_DOCUMENTATION_COMMENTS = YES;
				CLANG_WARN_EMPTY_BODY = YES;
				CLANG_WARN_ENUM_CONVERSION = YES;
				CLANG_WARN_INFINITE_RECURSION = YES;
				CLANG_WARN_INT_CONVERSION = YES;
				CLANG_WARN_NON_LITERAL_NULL_CONVERSION = YES;
				CLANG_WARN_OBJC_IMPLICIT_RETAIN_SELF = YES;
				CLANG_WARN_OBJC_LITERAL_CONVERSION = YES;
				CLANG_WARN_OBJC_ROOT_CLASS = YES_ERROR;
				CLANG_WARN_RANGE_LOOP_ANALYSIS = YES;
				CLANG_WARN_STRICT_PROTOTYPES = YES;
				CLANG_WARN_SUSPICIOUS_MOVE = YES;
				CLANG_WARN_UNGUARDED_AVAILABILITY = YES_AGGRESSIVE;
				CLANG_WARN_UNREACHABLE_CODE = YES;
				CLANG_WARN__DUPLICATE_METHOD_MATCH = YES;
				COPY_PHASE_STRIP = NO;
				DEBUG_INFORMATION_FORMAT = "dwarf-with-dsym";
				ENABLE_NS_ASSERTIONS = NO;
				ENABLE_STRICT_OBJC_MSGSEND = YES;
				GCC_C_LANGUAGE_STANDARD = gnu11;
				GCC_NO_COMMON_BLOCKS = YES;
				GCC_WARN_64_TO_32_BIT_CONVERSION = YES;
				GCC_WARN_ABOUT_RETURN_TYPE = YES_ERROR;
				GCC_WARN_UNDECLARED_SELECTOR = YES;
				GCC_WARN_UNINITIALIZED_AUTOS = YES_AGGRESSIVE;
				GCC_WARN_UNUSED_FUNCTION = YES;
				GCC_WARN_UNUSED_VARIABLE = YES;
				IPHONEOS_DEPLOYMENT_TARGET = 11.0;
				MTL_ENABLE_DEBUG_INFO = NO;
				MTL_FAST_MATH = YES;
				SDKROOT = iphoneos;
				SWIFT_COMPILATION_MODE = wholemodule;
				SWIFT_OPTIMIZATION_LEVEL = "-O";
				VALIDATE_PRODUCT = YES;
			};
			name = Release;
		};
		02135DB823DA1C6F00F573D7 /* Debug */ = {
			isa = XCBuildConfiguration;
			buildSettings = {
				ASSETCATALOG_COMPILER_APPICON_NAME = AppIcon;
				CODE_SIGN_STYLE = Automatic;
				DEVELOPMENT_TEAM = VALK7BP96F;
				FRAMEWORK_SEARCH_PATHS = (
					"$(inherited)",
					"$(PROJECT_DIR)/Carthage/Build/iOS",
				);
				INFOPLIST_FILE = ISPARK/Info.plist;
				LD_RUNPATH_SEARCH_PATHS = (
					"$(inherited)",
					"@executable_path/Frameworks",
				);
				PRODUCT_BUNDLE_IDENTIFIER = com.yildizkoray.ISPARK;
				PRODUCT_NAME = "$(TARGET_NAME)";
				SWIFT_VERSION = 5.0;
				TARGETED_DEVICE_FAMILY = "1,2";
			};
			name = Debug;
		};
		02135DB923DA1C6F00F573D7 /* Release */ = {
			isa = XCBuildConfiguration;
			buildSettings = {
				ASSETCATALOG_COMPILER_APPICON_NAME = AppIcon;
				CODE_SIGN_STYLE = Automatic;
				DEVELOPMENT_TEAM = VALK7BP96F;
				FRAMEWORK_SEARCH_PATHS = (
					"$(inherited)",
					"$(PROJECT_DIR)/Carthage/Build/iOS",
				);
				INFOPLIST_FILE = ISPARK/Info.plist;
				LD_RUNPATH_SEARCH_PATHS = (
					"$(inherited)",
					"@executable_path/Frameworks",
				);
				PRODUCT_BUNDLE_IDENTIFIER = com.yildizkoray.ISPARK;
				PRODUCT_NAME = "$(TARGET_NAME)";
				SWIFT_VERSION = 5.0;
				TARGETED_DEVICE_FAMILY = "1,2";
			};
			name = Release;
		};
/* End XCBuildConfiguration section */

/* Begin XCConfigurationList section */
		02135D9E23DA1C6E00F573D7 /* Build configuration list for PBXProject "ISPARK" */ = {
			isa = XCConfigurationList;
			buildConfigurations = (
				02135DB523DA1C6F00F573D7 /* Debug */,
				02135DB623DA1C6F00F573D7 /* Release */,
			);
			defaultConfigurationIsVisible = 0;
			defaultConfigurationName = Release;
		};
		02135DB723DA1C6F00F573D7 /* Build configuration list for PBXNativeTarget "ISPARK" */ = {
			isa = XCConfigurationList;
			buildConfigurations = (
				02135DB823DA1C6F00F573D7 /* Debug */,
				02135DB923DA1C6F00F573D7 /* Release */,
			);
			defaultConfigurationIsVisible = 0;
			defaultConfigurationName = Release;
		};
/* End XCConfigurationList section */
	};
	rootObject = 02135D9B23DA1C6E00F573D7 /* Project object */;
}
